
Microsoft Visual Studio Solution File, Format Version 12.00
# Visual Studio 15
VisualStudioVersion = 15.0.27004.2009
MinimumVisualStudioVersion = 10.0.40219.1
Project("{FAE04EC0-301F-11D3-BF4B-00C04F79EFBC}") = "RmClient", "RmClient.csproj", "{0A0FBF6F-858C-4789-ADBE-F9E02CA466F6}"
EndProject
Project("{FAE04EC0-301F-11D3-BF4B-00C04F79EFBC}") = "RmClient.Lib", "..\RmClient.Lib\RmClient.Lib.csproj", "{F85E272A-BB6B-4208-8EE2-77882278E8B7}"
EndProject
Global
	GlobalSection(SolutionConfigurationPlatforms) = preSolution
		Debug|Any CPU = Debug|Any CPU
		Release|Any CPU = Release|Any CPU
	EndGlobalSection
	GlobalSection(ProjectConfigurationPlatforms) = postSolution
		{0A0FBF6F-858C-4789-ADBE-F9E02CA466F6}.Debug|Any CPU.ActiveCfg = Debug|Any CPU
		{0A0FBF6F-858C-4789-ADBE-F9E02CA466F6}.Debug|Any CPU.Build.0 = Debug|Any CPU
		{0A0FBF6F-858C-4789-ADBE-F9E02CA466F6}.Release|Any CPU.ActiveCfg = Release|Any CPU
		{0A0FBF6F-858C-4789-ADBE-F9E02CA466F6}.Release|Any CPU.Build.0 = Release|Any CPU
		{F85E272A-BB6B-4208-8EE2-77882278E8B7}.Debug|Any CPU.ActiveCfg = Debug|Any CPU
		{F85E272A-BB6B-4208-8EE2-77882278E8B7}.Debug|Any CPU.Build.0 = Debug|Any CPU
		{F85E272A-BB6B-4208-8EE2-77882278E8B7}.Release|Any CPU.ActiveCfg = Release|Any CPU
		{F85E272A-BB6B-4208-8EE2-77882278E8B7}.Release|Any CPU.Build.0 = Release|Any CPU
	EndGlobalSection
	GlobalSection(SolutionProperties) = preSolution
		HideSolutionNode = FALSE
	EndGlobalSection
	GlobalSection(ExtensibilityGlobals) = postSolution
		SolutionGuid = {AC03FD2E-B220-4DC1-B573-0822A5434610}
	EndGlobalSection
EndGlobal
